
Microsoft Visual Studio Solution File, Format Version 12.00
# Visual Studio 2012
Project("{8BC9CEB8-8B4A-11D0-8D11-00A0C91BC942}") = "my_bcast", "my_bcast.vcxproj", "{827CDD6E-F7F2-4490-A48E-F89886C3D816}"
EndProject
Global
	GlobalSection(SolutionConfigurationPlatforms) = preSolution
		Debug|Win32 = Debug|Win32
		Release|Win32 = Release|Win32
	EndGlobalSection
	GlobalSection(ProjectConfigurationPlatforms) = postSolution
		{827CDD6E-F7F2-4490-A48E-F89886C3D816}.Debug|Win32.ActiveCfg = Debug|x64
		{827CDD6E-F7F2-4490-A48E-F89886C3D816}.Debug|Win32.Build.0 = Debug|x64
		{827CDD6E-F7F2-4490-A48E-F89886C3D816}.Release|Win32.ActiveCfg = Release|Win32
		{827CDD6E-F7F2-4490-A48E-F89886C3D816}.Release|Win32.Build.0 = Release|Win32
	EndGlobalSection
	GlobalSection(SolutionProperties) = preSolution
		HideSolutionNode = FALSE
	EndGlobalSection
EndGlobal
